// !$*UTF8*$!
{
	archiveVersion = 1;
	classes = {
	};
	objectVersion = 77;
	objects = {

/* Begin PBXContainerItemProxy section */
		86AE8AAC2D4A8C9400F58720 /* PBXContainerItemProxy */ = {
			isa = PBXContainerItemProxy;
			containerPortal = 86AE8A932D4A8C9300F58720 /* Project object */;
			proxyType = 1;
			remoteGlobalIDString = 86AE8A9A2D4A8C9300F58720;
			remoteInfo = "Bluetooth-Test (Take 1)";
		};
		86AE8AB62D4A8C9400F58720 /* PBXContainerItemProxy */ = {
			isa = PBXContainerItemProxy;
			containerPortal = 86AE8A932D4A8C9300F58720 /* Project object */;
			proxyType = 1;
			remoteGlobalIDString = 86AE8A9A2D4A8C9300F58720;
			remoteInfo = "Bluetooth-Test (Take 1)";
		};
/* End PBXContainerItemProxy section */

/* Begin PBXFileReference section */
		86AE8A9B2D4A8C9300F58720 /* Bluetooth-Test (Take 1).app */ = {isa = PBXFileReference; explicitFileType = wrapper.application; includeInIndex = 0; path = "Bluetooth-Test (Take 1).app"; sourceTree = BUILT_PRODUCTS_DIR; };
		86AE8AAB2D4A8C9400F58720 /* Bluetooth-Test (Take 1)Tests.xctest */ = {isa = PBXFileReference; explicitFileType = wrapper.cfbundle; includeInIndex = 0; path = "Bluetooth-Test (Take 1)Tests.xctest"; sourceTree = BUILT_PRODUCTS_DIR; };
		86AE8AB52D4A8C9400F58720 /* Bluetooth-Test (Take 1)UITests.xctest */ = {isa = PBXFileReference; explicitFileType = wrapper.cfbundle; includeInIndex = 0; path = "Bluetooth-Test (Take 1)UITests.xctest"; sourceTree = BUILT_PRODUCTS_DIR; };
/* End PBXFileReference section */

/* Begin PBXFileSystemSynchronizedRootGroup section */
		86AE8A9D2D4A8C9300F58720 /* Bluetooth-Test (Take 1) */ = {
			isa = PBXFileSystemSynchronizedRootGroup;
			path = "Bluetooth-Test (Take 1)";
			sourceTree = "<group>";
		};
		86AE8AAE2D4A8C9400F58720 /* Bluetooth-Test (Take 1)Tests */ = {
			isa = PBXFileSystemSynchronizedRootGroup;
			path = "Bluetooth-Test (Take 1)Tests";
			sourceTree = "<group>";
		};
		86AE8AB82D4A8C9400F58720 /* Bluetooth-Test (Take 1)UITests */ = {
			isa = PBXFileSystemSynchronizedRootGroup;
			path = "Bluetooth-Test (Take 1)UITests";
			sourceTree = "<group>";
		};
/* End PBXFileSystemSynchronizedRootGroup section */

/* Begin PBXFrameworksBuildPhase section */
		86AE8A982D4A8C9300F58720 /* Frameworks */ = {
			isa = PBXFrameworksBuildPhase;
			buildActionMask = 2147483647;
			files = (
			);
			runOnlyForDeploymentPostprocessing = 0;
		};
		86AE8AA82D4A8C9400F58720 /* Frameworks */ = {
			isa = PBXFrameworksBuildPhase;
			buildActionMask = 2147483647;
			files = (
			);
			runOnlyForDeploymentPostprocessing = 0;
		};
		86AE8AB22D4A8C9400F58720 /* Frameworks */ = {
			isa = PBXFrameworksBuildPhase;
			buildActionMask = 2147483647;
			files = (
			);
			runOnlyForDeploymentPostprocessing = 0;
		};
/* End PBXFrameworksBuildPhase section */

/* Begin PBXGroup section */
		86AE8A922D4A8C9300F58720 = {
			isa = PBXGroup;
			children = (
				86AE8A9D2D4A8C9300F58720 /* Bluetooth-Test (Take 1) */,
				86AE8AAE2D4A8C9400F58720 /* Bluetooth-Test (Take 1)Tests */,
				86AE8AB82D4A8C9400F58720 /* Bluetooth-Test (Take 1)UITests */,
				86AE8A9C2D4A8C9300F58720 /* Products */,
			);
			sourceTree = "<group>";
		};
		86AE8A9C2D4A8C9300F58720 /* Products */ = {
			isa = PBXGroup;
			children = (
				86AE8A9B2D4A8C9300F58720 /* Bluetooth-Test (Take 1).app */,
				86AE8AAB2D4A8C9400F58720 /* Bluetooth-Test (Take 1)Tests.xctest */,
				86AE8AB52D4A8C9400F58720 /* Bluetooth-Test (Take 1)UITests.xctest */,
			);
			name = Products;
			sourceTree = "<group>";
		};
/* End PBXGroup section */

/* Begin PBXNativeTarget section */
		86AE8A9A2D4A8C9300F58720 /* Bluetooth-Test (Take 1) */ = {
			isa = PBXNativeTarget;
			buildConfigurationList = 86AE8ABF2D4A8C9400F58720 /* Build configuration list for PBXNativeTarget "Bluetooth-Test (Take 1)" */;
			buildPhases = (
				86AE8A972D4A8C9300F58720 /* Sources */,
				86AE8A982D4A8C9300F58720 /* Frameworks */,
				86AE8A992D4A8C9300F58720 /* Resources */,
			);
			buildRules = (
			);
			dependencies = (
			);
			fileSystemSynchronizedGroups = (
				86AE8A9D2D4A8C9300F58720 /* Bluetooth-Test (Take 1) */,
			);
			name = "Bluetooth-Test (Take 1)";
			packageProductDependencies = (
			);
			productName = "Bluetooth-Test (Take 1)";
			productReference = 86AE8A9B2D4A8C9300F58720 /* Bluetooth-Test (Take 1).app */;
			productType = "com.apple.product-type.application";
		};
		86AE8AAA2D4A8C9400F58720 /* Bluetooth-Test (Take 1)Tests */ = {
			isa = PBXNativeTarget;
			buildConfigurationList = 86AE8AC22D4A8C9400F58720 /* Build configuration list for PBXNativeTarget "Bluetooth-Test (Take 1)Tests" */;
			buildPhases = (
				86AE8AA72D4A8C9400F58720 /* Sources */,
				86AE8AA82D4A8C9400F58720 /* Frameworks */,
				86AE8AA92D4A8C9400F58720 /* Resources */,
			);
			buildRules = (
			);
			dependencies = (
				86AE8AAD2D4A8C9400F58720 /* PBXTargetDependency */,
			);
			fileSystemSynchronizedGroups = (
				86AE8AAE2D4A8C9400F58720 /* Bluetooth-Test (Take 1)Tests */,
			);
			name = "Bluetooth-Test (Take 1)Tests";
			packageProductDependencies = (
			);
			productName = "Bluetooth-Test (Take 1)Tests";
			productReference = 86AE8AAB2D4A8C9400F58720 /* Bluetooth-Test (Take 1)Tests.xctest */;
			productType = "com.apple.product-type.bundle.unit-test";
		};
		86AE8AB42D4A8C9400F58720 /* Bluetooth-Test (Take 1)UITests */ = {
			isa = PBXNativeTarget;
			buildConfigurationList = 86AE8AC52D4A8C9400F58720 /* Build configuration list for PBXNativeTarget "Bluetooth-Test (Take 1)UITests" */;
			buildPhases = (
				86AE8AB12D4A8C9400F58720 /* Sources */,
				86AE8AB22D4A8C9400F58720 /* Frameworks */,
				86AE8AB32D4A8C9400F58720 /* Resources */,
			);
			buildRules = (
			);
			dependencies = (
				86AE8AB72D4A8C9400F58720 /* PBXTargetDependency */,
			);
			fileSystemSynchronizedGroups = (
				86AE8AB82D4A8C9400F58720 /* Bluetooth-Test (Take 1)UITests */,
			);
			name = "Bluetooth-Test (Take 1)UITests";
			packageProductDependencies = (
			);
			productName = "Bluetooth-Test (Take 1)UITests";
			productReference = 86AE8AB52D4A8C9400F58720 /* Bluetooth-Test (Take 1)UITests.xctest */;
			productType = "com.apple.product-type.bundle.ui-testing";
		};
/* End PBXNativeTarget section */

/* Begin PBXProject section */
		86AE8A932D4A8C9300F58720 /* Project object */ = {
			isa = PBXProject;
			attributes = {
				BuildIndependentTargetsInParallel = 1;
				LastSwiftUpdateCheck = 1620;
				LastUpgradeCheck = 1620;
				TargetAttributes = {
					86AE8A9A2D4A8C9300F58720 = {
						CreatedOnToolsVersion = 16.2;
					};
					86AE8AAA2D4A8C9400F58720 = {
						CreatedOnToolsVersion = 16.2;
						TestTargetID = 86AE8A9A2D4A8C9300F58720;
					};
					86AE8AB42D4A8C9400F58720 = {
						CreatedOnToolsVersion = 16.2;
						TestTargetID = 86AE8A9A2D4A8C9300F58720;
					};
				};
			};
			buildConfigurationList = 86AE8A962D4A8C9300F58720 /* Build configuration list for PBXProject "Bluetooth-Test (Take 1)" */;
			developmentRegion = en;
			hasScannedForEncodings = 0;
			knownRegions = (
				en,
				Base,
			);
			mainGroup = 86AE8A922D4A8C9300F58720;
			minimizedProjectReferenceProxies = 1;
			preferredProjectObjectVersion = 77;
			productRefGroup = 86AE8A9C2D4A8C9300F58720 /* Products */;
			projectDirPath = "";
			projectRoot = "";
			targets = (
				86AE8A9A2D4A8C9300F58720 /* Bluetooth-Test (Take 1) */,
				86AE8AAA2D4A8C9400F58720 /* Bluetooth-Test (Take 1)Tests */,
				86AE8AB42D4A8C9400F58720 /* Bluetooth-Test (Take 1)UITests */,
			);
		};
/* End PBXProject section */

/* Begin PBXResourcesBuildPhase section */
		86AE8A992D4A8C9300F58720 /* Resources */ = {
			isa = PBXResourcesBuildPhase;
			buildActionMask = 2147483647;
			files = (
			);
			runOnlyForDeploymentPostprocessing = 0;
		};
		86AE8AA92D4A8C9400F58720 /* Resources */ = {
			isa = PBXResourcesBuildPhase;
			buildActionMask = 2147483647;
			files = (
			);
			runOnlyForDeploymentPostprocessing = 0;
		};
		86AE8AB32D4A8C9400F58720 /* Resources */ = {
			isa = PBXResourcesBuildPhase;
			buildActionMask = 2147483647;
			files = (
			);
			runOnlyForDeploymentPostprocessing = 0;
		};
/* End PBXResourcesBuildPhase section */

/* Begin PBXSourcesBuildPhase section */
		86AE8A972D4A8C9300F58720 /* Sources */ = {
			isa = PBXSourcesBuildPhase;
			buildActionMask = 2147483647;
			files = (
			);
			runOnlyForDeploymentPostprocessing = 0;
		};
		86AE8AA72D4A8C9400F58720 /* Sources */ = {
			isa = PBXSourcesBuildPhase;
			buildActionMask = 2147483647;
			files = (
			);
			runOnlyForDeploymentPostprocessing = 0;
		};
		86AE8AB12D4A8C9400F58720 /* Sources */ = {
			isa = PBXSourcesBuildPhase;
			buildActionMask = 2147483647;
			files = (
			);
			runOnlyForDeploymentPostprocessing = 0;
		};
/* End PBXSourcesBuildPhase section */

/* Begin PBXTargetDependency section */
		86AE8AAD2D4A8C9400F58720 /* PBXTargetDependency */ = {
			isa = PBXTargetDependency;
			target = 86AE8A9A2D4A8C9300F58720 /* Bluetooth-Test (Take 1) */;
			targetProxy = 86AE8AAC2D4A8C9400F58720 /* PBXContainerItemProxy */;
		};
		86AE8AB72D4A8C9400F58720 /* PBXTargetDependency */ = {
			isa = PBXTargetDependency;
			target = 86AE8A9A2D4A8C9300F58720 /* Bluetooth-Test (Take 1) */;
			targetProxy = 86AE8AB62D4A8C9400F58720 /* PBXContainerItemProxy */;
		};
/* End PBXTargetDependency section */

/* Begin XCBuildConfiguration section */
		86AE8ABD2D4A8C9400F58720 /* Debug */ = {
			isa = XCBuildConfiguration;
			buildSettings = {
				ALWAYS_SEARCH_USER_PATHS = NO;
				ASSETCATALOG_COMPILER_GENERATE_SWIFT_ASSET_SYMBOL_EXTENSIONS = YES;
				CLANG_ANALYZER_NONNULL = YES;
				CLANG_ANALYZER_NUMBER_OBJECT_CONVERSION = YES_AGGRESSIVE;
				CLANG_CXX_LANGUAGE_STANDARD = "gnu++20";
				CLANG_ENABLE_MODULES = YES;
				CLANG_ENABLE_OBJC_ARC = YES;
				CLANG_ENABLE_OBJC_WEAK = YES;
				CLANG_WARN_BLOCK_CAPTURE_AUTORELEASING = YES;
				CLANG_WARN_BOOL_CONVERSION = YES;
				CLANG_WARN_COMMA = YES;
				CLANG_WARN_CONSTANT_CONVERSION = YES;
				CLANG_WARN_DEPRECATED_OBJC_IMPLEMENTATIONS = YES;
				CLANG_WARN_DIRECT_OBJC_ISA_USAGE = YES_ERROR;
				CLANG_WARN_DOCUMENTATION_COMMENTS = YES;
				CLANG_WARN_EMPTY_BODY = YES;
				CLANG_WARN_ENUM_CONVERSION = YES;
				CLANG_WARN_INFINITE_RECURSION = YES;
				CLANG_WARN_INT_CONVERSION = YES;
				CLANG_WARN_NON_LITERAL_NULL_CONVERSION = YES;
				CLANG_WARN_OBJC_IMPLICIT_RETAIN_SELF = YES;
				CLANG_WARN_OBJC_LITERAL_CONVERSION = YES;
				CLANG_WARN_OBJC_ROOT_CLASS = YES_ERROR;
				CLANG_WARN_QUOTED_INCLUDE_IN_FRAMEWORK_HEADER = YES;
				CLANG_WARN_RANGE_LOOP_ANALYSIS = YES;
				CLANG_WARN_STRICT_PROTOTYPES = YES;
				CLANG_WARN_SUSPICIOUS_MOVE = YES;
				CLANG_WARN_UNGUARDED_AVAILABILITY = YES_AGGRESSIVE;
				CLANG_WARN_UNREACHABLE_CODE = YES;
				CLANG_WARN__DUPLICATE_METHOD_MATCH = YES;
				COPY_PHASE_STRIP = NO;
				DEBUG_INFORMATION_FORMAT = dwarf;
				ENABLE_STRICT_OBJC_MSGSEND = YES;
				ENABLE_TESTABILITY = YES;
				ENABLE_USER_SCRIPT_SANDBOXING = YES;
				GCC_C_LANGUAGE_STANDARD = gnu17;
				GCC_DYNAMIC_NO_PIC = NO;
				GCC_NO_COMMON_BLOCKS = YES;
				GCC_OPTIMIZATION_LEVEL = 0;
				GCC_PREPROCESSOR_DEFINITIONS = (
					"DEBUG=1",
					"$(inherited)",
				);
				GCC_WARN_64_TO_32_BIT_CONVERSION = YES;
				GCC_WARN_ABOUT_RETURN_TYPE = YES_ERROR;
				GCC_WARN_UNDECLARED_SELECTOR = YES;
				GCC_WARN_UNINITIALIZED_AUTOS = YES_AGGRESSIVE;
				GCC_WARN_UNUSED_FUNCTION = YES;
				GCC_WARN_UNUSED_VARIABLE = YES;
				IPHONEOS_DEPLOYMENT_TARGET = 18.2;
				LOCALIZATION_PREFERS_STRING_CATALOGS = YES;
				MTL_ENABLE_DEBUG_INFO = INCLUDE_SOURCE;
				MTL_FAST_MATH = YES;
				ONLY_ACTIVE_ARCH = YES;
				SDKROOT = iphoneos;
				SWIFT_ACTIVE_COMPILATION_CONDITIONS = "DEBUG $(inherited)";
				SWIFT_OPTIMIZATION_LEVEL = "-Onone";
			};
			name = Debug;
		};
		86AE8ABE2D4A8C9400F58720 /* Release */ = {
			isa = XCBuildConfiguration;
			buildSettings = {
				ALWAYS_SEARCH_USER_PATHS = NO;
				ASSETCATALOG_COMPILER_GENERATE_SWIFT_ASSET_SYMBOL_EXTENSIONS = YES;
				CLANG_ANALYZER_NONNULL = YES;
				CLANG_ANALYZER_NUMBER_OBJECT_CONVERSION = YES_AGGRESSIVE;
				CLANG_CXX_LANGUAGE_STANDARD = "gnu++20";
				CLANG_ENABLE_MODULES = YES;
				CLANG_ENABLE_OBJC_ARC = YES;
				CLANG_ENABLE_OBJC_WEAK = YES;
				CLANG_WARN_BLOCK_CAPTURE_AUTORELEASING = YES;
				CLANG_WARN_BOOL_CONVERSION = YES;
				CLANG_WARN_COMMA = YES;
				CLANG_WARN_CONSTANT_CONVERSION = YES;
				CLANG_WARN_DEPRECATED_OBJC_IMPLEMENTATIONS = YES;
				CLANG_WARN_DIRECT_OBJC_ISA_USAGE = YES_ERROR;
				CLANG_WARN_DOCUMENTATION_COMMENTS = YES;
				CLANG_WARN_EMPTY_BODY = YES;
				CLANG_WARN_ENUM_CONVERSION = YES;
				CLANG_WARN_INFINITE_RECURSION = YES;
				CLANG_WARN_INT_CONVERSION = YES;
				CLANG_WARN_NON_LITERAL_NULL_CONVERSION = YES;
				CLANG_WARN_OBJC_IMPLICIT_RETAIN_SELF = YES;
				CLANG_WARN_OBJC_LITERAL_CONVERSION = YES;
				CLANG_WARN_OBJC_ROOT_CLASS = YES_ERROR;
				CLANG_WARN_QUOTED_INCLUDE_IN_FRAMEWORK_HEADER = YES;
				CLANG_WARN_RANGE_LOOP_ANALYSIS = YES;
				CLANG_WARN_STRICT_PROTOTYPES = YES;
				CLANG_WARN_SUSPICIOUS_MOVE = YES;
				CLANG_WARN_UNGUARDED_AVAILABILITY = YES_AGGRESSIVE;
				CLANG_WARN_UNREACHABLE_CODE = YES;
				CLANG_WARN__DUPLICATE_METHOD_MATCH = YES;
				COPY_PHASE_STRIP = NO;
				DEBUG_INFORMATION_FORMAT = "dwarf-with-dsym";
				ENABLE_NS_ASSERTIONS = NO;
				ENABLE_STRICT_OBJC_MSGSEND = YES;
				ENABLE_USER_SCRIPT_SANDBOXING = YES;
				GCC_C_LANGUAGE_STANDARD = gnu17;
				GCC_NO_COMMON_BLOCKS = YES;
				GCC_WARN_64_TO_32_BIT_CONVERSION = YES;
				GCC_WARN_ABOUT_RETURN_TYPE = YES_ERROR;
				GCC_WARN_UNDECLARED_SELECTOR = YES;
				GCC_WARN_UNINITIALIZED_AUTOS = YES_AGGRESSIVE;
				GCC_WARN_UNUSED_FUNCTION = YES;
				GCC_WARN_UNUSED_VARIABLE = YES;
				IPHONEOS_DEPLOYMENT_TARGET = 18.2;
				LOCALIZATION_PREFERS_STRING_CATALOGS = YES;
				MTL_ENABLE_DEBUG_INFO = NO;
				MTL_FAST_MATH = YES;
				SDKROOT = iphoneos;
				SWIFT_COMPILATION_MODE = wholemodule;
				VALIDATE_PRODUCT = YES;
			};
			name = Release;
		};
		86AE8AC02D4A8C9400F58720 /* Debug */ = {
			isa = XCBuildConfiguration;
			buildSettings = {
				ASSETCATALOG_COMPILER_APPICON_NAME = AppIcon;
				ASSETCATALOG_COMPILER_GLOBAL_ACCENT_COLOR_NAME = AccentColor;
				CODE_SIGN_STYLE = Automatic;
				CURRENT_PROJECT_VERSION = 1;
				DEVELOPMENT_ASSET_PATHS = "\"Bluetooth-Test (Take 1)/Preview Content\"";
				DEVELOPMENT_TEAM = ZBG3Y53L69;
				ENABLE_PREVIEWS = YES;
				GENERATE_INFOPLIST_FILE = YES;
				INFOPLIST_KEY_NSBluetoothAlwaysUsageDescription = "Allow Bluetooth to allow devices";
				INFOPLIST_KEY_NSBluetoothPeripheralUsageDescription = "Allow Bluetooth";
				INFOPLIST_KEY_NSIdentityUsageDescription = "";
				INFOPLIST_KEY_NSLocationWhenInUseUsageDescription = "Allow Location";
				INFOPLIST_KEY_UIApplicationSceneManifest_Generation = YES;
				INFOPLIST_KEY_UIApplicationSupportsIndirectInputEvents = YES;
				INFOPLIST_KEY_UILaunchScreen_Generation = YES;
				INFOPLIST_KEY_UISupportedInterfaceOrientations_iPad = "UIInterfaceOrientationPortrait UIInterfaceOrientationPortraitUpsideDown UIInterfaceOrientationLandscapeLeft UIInterfaceOrientationLandscapeRight";
				INFOPLIST_KEY_UISupportedInterfaceOrientations_iPhone = "UIInterfaceOrientationPortrait UIInterfaceOrientationLandscapeLeft UIInterfaceOrientationLandscapeRight";
				LD_RUNPATH_SEARCH_PATHS = (
					"$(inherited)",
					"@executable_path/Frameworks",
				);
				MARKETING_VERSION = 1.0;
				PRODUCT_BUNDLE_IDENTIFIER = "n.Bluetooth-Test--Take-1-";
				PRODUCT_NAME = "$(TARGET_NAME)";
				SWIFT_EMIT_LOC_STRINGS = YES;
				SWIFT_VERSION = 5.0;
				TARGETED_DEVICE_FAMILY = "1,2";
			};
			name = Debug;
		};
		86AE8AC12D4A8C9400F58720 /* Release */ = {
			isa = XCBuildConfiguration;
			buildSettings = {
				ASSETCATALOG_COMPILER_APPICON_NAME = AppIcon;
				ASSETCATALOG_COMPILER_GLOBAL_ACCENT_COLOR_NAME = AccentColor;
				CODE_SIGN_STYLE = Automatic;
				CURRENT_PROJECT_VERSION = 1;
				DEVELOPMENT_ASSET_PATHS = "\"Bluetooth-Test (Take 1)/Preview Content\"";
				DEVELOPMENT_TEAM = ZBG3Y53L69;
				ENABLE_PREVIEWS = YES;
				GENERATE_INFOPLIST_FILE = YES;
				INFOPLIST_KEY_NSBluetoothAlwaysUsageDescription = "Allow Bluetooth to allow devices";
				INFOPLIST_KEY_NSBluetoothPeripheralUsageDescription = "Allow Bluetooth";
				INFOPLIST_KEY_NSIdentityUsageDescription = "";
				INFOPLIST_KEY_NSLocationWhenInUseUsageDescription = "Allow Location";
				INFOPLIST_KEY_UIApplicationSceneManifest_Generation = YES;
				INFOPLIST_KEY_UIApplicationSupportsIndirectInputEvents = YES;
				INFOPLIST_KEY_UILaunchScreen_Generation = YES;
				INFOPLIST_KEY_UISupportedInterfaceOrientations_iPad = "UIInterfaceOrientationPortrait UIInterfaceOrientationPortraitUpsideDown UIInterfaceOrientationLandscapeLeft UIInterfaceOrientationLandscapeRight";
				INFOPLIST_KEY_UISupportedInterfaceOrientations_iPhone = "UIInterfaceOrientationPortrait UIInterfaceOrientationLandscapeLeft UIInterfaceOrientationLandscapeRight";
				LD_RUNPATH_SEARCH_PATHS = (
					"$(inherited)",
					"@executable_path/Frameworks",
				);
				MARKETING_VERSION = 1.0;
				PRODUCT_BUNDLE_IDENTIFIER = "n.Bluetooth-Test--Take-1-";
				PRODUCT_NAME = "$(TARGET_NAME)";
				SWIFT_EMIT_LOC_STRINGS = YES;
				SWIFT_VERSION = 5.0;
				TARGETED_DEVICE_FAMILY = "1,2";
			};
			name = Release;
		};
		86AE8AC32D4A8C9400F58720 /* Debug */ = {
			isa = XCBuildConfiguration;
			buildSettings = {
				BUNDLE_LOADER = "$(TEST_HOST)";
				CODE_SIGN_STYLE = Automatic;
				CURRENT_PROJECT_VERSION = 1;
				GENERATE_INFOPLIST_FILE = YES;
				IPHONEOS_DEPLOYMENT_TARGET = 18.2;
				MARKETING_VERSION = 1.0;
				PRODUCT_BUNDLE_IDENTIFIER = "n.Bluetooth-Test--Take-1-Tests";
				PRODUCT_NAME = "$(TARGET_NAME)";
				SWIFT_EMIT_LOC_STRINGS = NO;
				SWIFT_VERSION = 5.0;
				TARGETED_DEVICE_FAMILY = "1,2";
				TEST_HOST = "$(BUILT_PRODUCTS_DIR)/Bluetooth-Test (Take 1).app/$(BUNDLE_EXECUTABLE_FOLDER_PATH)/Bluetooth-Test (Take 1)";
			};
			name = Debug;
		};
		86AE8AC42D4A8C9400F58720 /* Release */ = {
			isa = XCBuildConfiguration;
			buildSettings = {
				BUNDLE_LOADER = "$(TEST_HOST)";
				CODE_SIGN_STYLE = Automatic;
				CURRENT_PROJECT_VERSION = 1;
				GENERATE_INFOPLIST_FILE = YES;
				IPHONEOS_DEPLOYMENT_TARGET = 18.2;
				MARKETING_VERSION = 1.0;
				PRODUCT_BUNDLE_IDENTIFIER = "n.Bluetooth-Test--Take-1-Tests";
				PRODUCT_NAME = "$(TARGET_NAME)";
				SWIFT_EMIT_LOC_STRINGS = NO;
				SWIFT_VERSION = 5.0;
				TARGETED_DEVICE_FAMILY = "1,2";
				TEST_HOST = "$(BUILT_PRODUCTS_DIR)/Bluetooth-Test (Take 1).app/$(BUNDLE_EXECUTABLE_FOLDER_PATH)/Bluetooth-Test (Take 1)";
			};
			name = Release;
		};
		86AE8AC62D4A8C9400F58720 /* Debug */ = {
			isa = XCBuildConfiguration;
			buildSettings = {
				CODE_SIGN_STYLE = Automatic;
				CURRENT_PROJECT_VERSION = 1;
				GENERATE_INFOPLIST_FILE = YES;
				MARKETING_VERSION = 1.0;
				PRODUCT_BUNDLE_IDENTIFIER = "n.Bluetooth-Test--Take-1-UITests";
				PRODUCT_NAME = "$(TARGET_NAME)";
				SWIFT_EMIT_LOC_STRINGS = NO;
				SWIFT_VERSION = 5.0;
				TARGETED_DEVICE_FAMILY = "1,2";
				TEST_TARGET_NAME = "Bluetooth-Test (Take 1)";
			};
			name = Debug;
		};
		86AE8AC72D4A8C9400F58720 /* Release */ = {
			isa = XCBuildConfiguration;
			buildSettings = {
				CODE_SIGN_STYLE = Automatic;
				CURRENT_PROJECT_VERSION = 1;
				GENERATE_INFOPLIST_FILE = YES;
				MARKETING_VERSION = 1.0;
				PRODUCT_BUNDLE_IDENTIFIER = "n.Bluetooth-Test--Take-1-UITests";
				PRODUCT_NAME = "$(TARGET_NAME)";
				SWIFT_EMIT_LOC_STRINGS = NO;
				SWIFT_VERSION = 5.0;
				TARGETED_DEVICE_FAMILY = "1,2";
				TEST_TARGET_NAME = "Bluetooth-Test (Take 1)";
			};
			name = Release;
		};
/* End XCBuildConfiguration section */

/* Begin XCConfigurationList section */
		86AE8A962D4A8C9300F58720 /* Build configuration list for PBXProject "Bluetooth-Test (Take 1)" */ = {
			isa = XCConfigurationList;
			buildConfigurations = (
				86AE8ABD2D4A8C9400F58720 /* Debug */,
				86AE8ABE2D4A8C9400F58720 /* Release */,
			);
			defaultConfigurationIsVisible = 0;
			defaultConfigurationName = Release;
		};
		86AE8ABF2D4A8C9400F58720 /* Build configuration list for PBXNativeTarget "Bluetooth-Test (Take 1)" */ = {
			isa = XCConfigurationList;
			buildConfigurations = (
				86AE8AC02D4A8C9400F58720 /* Debug */,
				86AE8AC12D4A8C9400F58720 /* Release */,
			);
			defaultConfigurationIsVisible = 0;
			defaultConfigurationName = Release;
		};
		86AE8AC22D4A8C9400F58720 /* Build configuration list for PBXNativeTarget "Bluetooth-Test (Take 1)Tests" */ = {
			isa = XCConfigurationList;
			buildConfigurations = (
				86AE8AC32D4A8C9400F58720 /* Debug */,
				86AE8AC42D4A8C9400F58720 /* Release */,
			);
			defaultConfigurationIsVisible = 0;
			defaultConfigurationName = Release;
		};
		86AE8AC52D4A8C9400F58720 /* Build configuration list for PBXNativeTarget "Bluetooth-Test (Take 1)UITests" */ = {
			isa = XCConfigurationList;
			buildConfigurations = (
				86AE8AC62D4A8C9400F58720 /* Debug */,
				86AE8AC72D4A8C9400F58720 /* Release */,
			);
			defaultConfigurationIsVisible = 0;
			defaultConfigurationName = Release;
		};
/* End XCConfigurationList section */
	};
	rootObject = 86AE8A932D4A8C9300F58720 /* Project object */;
}
